{
    "version": 3,
    "terraform_version": "0.11.7",
    "serial": 25,
    "lineage": "1430036f-273c-8cb3-fe50-aea539761dd7",
    "modules": [
        {
            "path": [
                "root"
            ],
            "outputs": {},
            "resources": {
                "ibm_compute_ssh_key.ssh_key": {
                    "type": "ibm_compute_ssh_key",
                    "depends_on": [],
                    "primary": {
                        "id": "1190585",
                        "attributes": {
                            "fingerprint": "03:09:60:36:01:58:6c:6f:35:e5:cf:ce:62:40:88:d0",
                            "id": "1190585",
                            "label": "wcpclouduk",
                            "notes": "THIS IS THE SSH KEY FOR ALL VSIs",
                            "public_key": ""
                        },
                        "meta": {},
                        "tainted": false
                    },
                    "deposed": [],
                    "provider": "provider.ibm"
                },
                "ibm_compute_vm_instance.app.0": {
                    "type": "ibm_compute_vm_instance",
                    "depends_on": [
                        "ibm_compute_ssh_key.ssh_key"
                    ],
                    "primary": {
                        "id": "59067331",
                        "attributes": {
                            "block_storage_ids.#": "0",
                            "cores": "1",
                            "datacenter": "lon06",
                            "dedicated_acct_host_only": "false",
                            "disks.#": "2",
                            "disks.0": "25",
                            "disks.1": "10",
                            "domain": "wcpclouduk.com",
                            "file_storage_ids.#": "0",
                            "hostname": "app01",
                            "hourly_billing": "true",
                            "id": "59067331",
                            "ip_address_id_private": "113575531",
                            "ipv4_address": "",
                            "ipv4_address_private": "10.72.58.86",
                            "ipv6_enabled": "false",
                            "ipv6_static_enabled": "false",
                            "local_disk": "false",
                            "memory": "1024",
                            "network_speed": "100",
                            "notes": "",
                            "os_reference_code": "CENTOS_7_64",
                            "private_interface_id": "33863257",
                            "private_network_only": "true",
                            "private_security_group_ids.#": "0",
                            "private_subnet": "10.72.58.64/26",
                            "private_subnet_id": "1619227",
                            "private_vlan_id": "2327977",
                            "public_bandwidth_unlimited": "false",
                            "public_interface_id": "33863259",
                            "public_security_group_ids.#": "0",
                            "secondary_ip_addresses.#": "0",
                            "ssh_key_ids.#": "1",
                            "ssh_key_ids.1190585": "1190585",
                            "tags.#": "1",
                            "tags.3929779745": "group:webserver",
                            "wait_time_minutes": "90"
                        },
                        "meta": {},
                        "tainted": false
                    },
                    "deposed": [],
                    "provider": "provider.ibm"
                },
                "ibm_compute_vm_instance.app.1": {
                    "type": "ibm_compute_vm_instance",
                    "depends_on": [
                        "ibm_compute_ssh_key.ssh_key"
                    ],
                    "primary": {
                        "id": "59067341",
                        "attributes": {
                            "block_storage_ids.#": "0",
                            "cores": "1",
                            "datacenter": "lon06",
                            "dedicated_acct_host_only": "false",
                            "disks.#": "2",
                            "disks.0": "25",
                            "disks.1": "10",
                            "domain": "wcpclouduk.com",
                            "file_storage_ids.#": "0",
                            "hostname": "app02",
                            "hourly_billing": "true",
                            "id": "59067341",
                            "ip_address_id_private": "113575537",
                            "ipv4_address": "",
                            "ipv4_address_private": "10.72.58.89",
                            "ipv6_enabled": "false",
                            "ipv6_static_enabled": "false",
                            "local_disk": "false",
                            "memory": "1024",
                            "network_speed": "100",
                            "notes": "",
                            "os_reference_code": "CENTOS_7_64",
                            "private_interface_id": "33863269",
                            "private_network_only": "true",
                            "private_security_group_ids.#": "0",
                            "private_subnet": "10.72.58.64/26",
                            "private_subnet_id": "1619227",
                            "private_vlan_id": "2327977",
                            "public_bandwidth_unlimited": "false",
                            "public_interface_id": "33863271",
                            "public_security_group_ids.#": "0",
                            "secondary_ip_addresses.#": "0",
                            "ssh_key_ids.#": "1",
                            "ssh_key_ids.1190585": "1190585",
                            "tags.#": "1",
                            "tags.3929779745": "group:webserver",
                            "wait_time_minutes": "90"
                        },
                        "meta": {},
                        "tainted": false
                    },
                    "deposed": [],
                    "provider": "provider.ibm"
                },
                "ibm_compute_vm_instance.db": {
                    "type": "ibm_compute_vm_instance",
                    "depends_on": [
                        "ibm_compute_ssh_key.ssh_key"
                    ],
                    "primary": {
                        "id": "59067329",
                        "attributes": {
                            "block_storage_ids.#": "0",
                            "cores": "1",
                            "datacenter": "lon06",
                            "dedicated_acct_host_only": "false",
                            "disks.#": "2",
                            "disks.0": "25",
                            "disks.1": "10",
                            "domain": "wcpclouduk.com",
                            "file_storage_ids.#": "0",
                            "hostname": "db01",
                            "hourly_billing": "true",
                            "id": "59067329",
                            "ip_address_id_private": "113575515",
                            "ipv4_address": "",
                            "ipv4_address_private": "10.72.58.78",
                            "ipv6_enabled": "false",
                            "ipv6_static_enabled": "false",
                            "local_disk": "false",
                            "memory": "1024",
                            "network_speed": "100",
                            "notes": "",
                            "os_reference_code": "CENTOS_7_64",
                            "private_interface_id": "33863249",
                            "private_network_only": "true",
                            "private_security_group_ids.#": "0",
                            "private_subnet": "10.72.58.64/26",
                            "private_subnet_id": "1619227",
                            "private_vlan_id": "2327977",
                            "public_bandwidth_unlimited": "false",
                            "public_interface_id": "33863251",
                            "public_security_group_ids.#": "0",
                            "secondary_ip_addresses.#": "0",
                            "ssh_key_ids.#": "1",
                            "ssh_key_ids.1190585": "1190585",
                            "tags.#": "1",
                            "tags.3600256698": "group:database",
                            "wait_time_minutes": "90"
                        },
                        "meta": {},
                        "tainted": false
                    },
                    "deposed": [],
                    "provider": "provider.ibm"
                },
                "ibm_compute_vm_instance.lb": {
                    "type": "ibm_compute_vm_instance",
                    "depends_on": [
                        "ibm_compute_ssh_key.ssh_key"
                    ],
                    "primary": {
                        "id": "59067335",
                        "attributes": {
                            "block_storage_ids.#": "0",
                            "cores": "1",
                            "datacenter": "lon06",
                            "dedicated_acct_host_only": "false",
                            "disks.#": "2",
                            "disks.0": "25",
                            "disks.1": "10",
                            "domain": "wcpclouduk.com",
                            "file_storage_ids.#": "0",
                            "hostname": "lb01",
                            "hourly_billing": "true",
                            "id": "59067335",
                            "ip_address_id": "117194291",
                            "ip_address_id_private": "113575533",
                            "ipv4_address": "158.176.88.50",
                            "ipv4_address_private": "10.72.58.87",
                            "ipv6_enabled": "false",
                            "ipv6_static_enabled": "false",
                            "local_disk": "false",
                            "memory": "1024",
                            "network_speed": "100",
                            "notes": "",
                            "os_reference_code": "CENTOS_7_64",
                            "private_interface_id": "33863261",
                            "private_network_only": "false",
                            "private_security_group_ids.#": "0",
                            "private_subnet": "10.72.58.64/26",
                            "private_subnet_id": "1619227",
                            "private_vlan_id": "2327977",
                            "public_bandwidth_unlimited": "false",
                            "public_interface_id": "33863263",
                            "public_security_group_ids.#": "0",
                            "public_subnet": "158.176.88.48/28",
                            "public_subnet_id": "1788363",
                            "public_vlan_id": "2331657",
                            "secondary_ip_addresses.#": "0",
                            "ssh_key_ids.#": "1",
                            "ssh_key_ids.1190585": "1190585",
                            "tags.#": "1",
                            "tags.101913210": "group:loadbalancer",
                            "wait_time_minutes": "90"
                        },
                        "meta": {},
                        "tainted": false
                    },
                    "deposed": [],
                    "provider": "provider.ibm"
                },
                "ibm_security_group.sg1": {
                    "type": "ibm_security_group",
                    "depends_on": [],
                    "primary": {
                        "id": "821085",
                        "attributes": {
                            "description": "limit communications for VSIs",
                            "id": "821085",
                            "name": "sg1"
                        },
                        "meta": {},
                        "tainted": false
                    },
                    "deposed": [],
                    "provider": "provider.ibm"
                },
                "ibm_security_group_rule.sg_1": {
                    "type": "ibm_security_group_rule",
                    "depends_on": [
                        "ibm_security_group.sg1"
                    ],
                    "primary": {
                        "id": "1761681",
                        "attributes": {
                            "direction": "ingress",
                            "ether_type": "IPv4",
                            "id": "1761681",
                            "port_range_max": "22",
                            "port_range_min": "22",
                            "protocol": "tcp",
                            "security_group_id": "821085"
                        },
                        "meta": {},
                        "tainted": false
                    },
                    "deposed": [],
                    "provider": "provider.ibm"
                },
                "ibm_security_group_rule.sg_2": {
                    "type": "ibm_security_group_rule",
                    "depends_on": [
                        "ibm_security_group.sg1"
                    ],
                    "primary": {
                        "id": "1761737",
                        "attributes": {
                            "direction": "egress",
                            "ether_type": "IPv4",
                            "id": "1761737",
                            "port_range_max": "443",
                            "port_range_min": "443",
                            "protocol": "tcp",
                            "security_group_id": "821085"
                        },
                        "meta": {},
                        "tainted": false
                    },
                    "deposed": [],
                    "provider": "provider.ibm"
                }
            },
            "depends_on": []
        }
    ]
}
