{
    "version": 3,
    "terraform_version": "0.11.7",
    "serial": 1,
    "lineage": "771c2581-49d9-e018-7df5-9362399b908b",
    "modules": [
        {
            "path": [
                "root"
            ],
            "outputs": {
                "web_dns_name": {
                    "sensitive": false,
                    "type": "string",
                    "value": "http://web-lb1-1530547-lon02.lb.bluemix.net"
                }
            },
            "resources": {
                "data.template_cloudinit_config.app_userdata": {
                    "type": "template_cloudinit_config",
                    "depends_on": [],
                    "primary": {
                        "id": "3676816316",
                        "attributes": {
                            "base64_encode": "false",
                            "gzip": "false",
                            "id": "3676816316",
                            "part.#": "1",
                            "part.0.content": "#cloud-config\nmanage_etc_hosts: true\npackage_upgrade: false\npackages:\n- httpd\nruncmd:\n- 'cp /usr/share/httpd/noindex/index.html /var/www/html' \n- 'systemctl start httpd'\nfinal_message: \"The system is finally up, after $UPTIME seconds\"\n",
                            "part.0.content_type": "",
                            "part.0.filename": "",
                            "part.0.merge_type": "",
                            "rendered": "Content-Type: multipart/mixed; boundary=\"MIMEBOUNDARY\"\nMIME-Version: 1.0\r\n\r\n--MIMEBOUNDARY\r\nContent-Transfer-Encoding: 7bit\r\nContent-Type: text/plain\r\nMime-Version: 1.0\r\n\r\n#cloud-config\nmanage_etc_hosts: true\npackage_upgrade: false\npackages:\n- httpd\nruncmd:\n- 'cp /usr/share/httpd/noindex/index.html /var/www/html' \n- 'systemctl start httpd'\nfinal_message: \"The system is finally up, after $UPTIME seconds\"\n\r\n--MIMEBOUNDARY--\r\n"
                        },
                        "meta": {},
                        "tainted": false
                    },
                    "deposed": [],
                    "provider": "provider.template"
                },
                "data.template_cloudinit_config.db_userdata": {
                    "type": "template_cloudinit_config",
                    "depends_on": [],
                    "primary": {
                        "id": "2527134419",
                        "attributes": {
                            "base64_encode": "false",
                            "gzip": "false",
                            "id": "2527134419",
                            "part.#": "1",
                            "part.0.content": "#cloud-config\nmanage_etc_hosts: true\npackage_upgrade: false\nfinal_message: \"The system is finally up, after $UPTIME seconds\"\n",
                            "part.0.content_type": "",
                            "part.0.filename": "",
                            "part.0.merge_type": "",
                            "rendered": "Content-Type: multipart/mixed; boundary=\"MIMEBOUNDARY\"\nMIME-Version: 1.0\r\n\r\n--MIMEBOUNDARY\r\nContent-Transfer-Encoding: 7bit\r\nContent-Type: text/plain\r\nMime-Version: 1.0\r\n\r\n#cloud-config\nmanage_etc_hosts: true\npackage_upgrade: false\nfinal_message: \"The system is finally up, after $UPTIME seconds\"\n\r\n--MIMEBOUNDARY--\r\n"
                        },
                        "meta": {},
                        "tainted": false
                    },
                    "deposed": [],
                    "provider": "provider.template"
                },
                "ibm_compute_ssh_key.ssh_key": {
                    "type": "ibm_compute_ssh_key",
                    "depends_on": [],
                    "primary": {
                        "id": "1251853",
                        "attributes": {
                            "fingerprint": "03:09:60:36:01:58:6c:6f:35:e5:cf:ce:62:40:88:d0",
                            "id": "1251853",
                            "label": "wcpclouduk1",
                            "notes": "SSH key for remote access to web site",
                            "public_key": "ssh-rsa AAAAB3NzaC1yc2EAAAADAQABAAACAQC7tdyXcE+C+CljZY36Fl76j4yg+BvLkBVnqo0zVOn8O3NFxD/LNNwGFAJ+6Q9EByIp6D4vXQNCA2t4YmswzL5oSwEq2X+xMNEcSyH0esHiZF3LwndKxbGMYyJcSXiHCbYBr4mOpmE2DqehhlJ6T7r2+PCUQwGSRuCb2o+6TtEpQevuXzTQmDp9/1JN9BXZc2FFTwULZrYnwGWjeiBgnvnx056cxfY6K+D1h0+1V4fqDbG6VGBMiKt+k8tWnM26e5B9nvFAfic76zdn/wBHQlP6Dr7UQNSdnZC2k2NkeJ1E0wVXKYNdAaf9tWoUlawRyAG+5YFrNYQ8Epifud+JZ6DG8IpL4tPtLKJzKtZheeYE6FnAzjnn1PFgBeXOeVLxa0zxBw7DUihzC6KdXwTvDhMh3GheDDQ15h5boPJCdhTxEGFDQDul/gycv6U1dwaaYZnwaCn0bXZZ+K8kLoAuBttGYWyCV3+jMktYIt70feFL/gtInl49bD0l3Jy0iEYrignmliEP8yd3B13SWPH83o4mpTxZNCt6Q5/roiK9Zw9HlLGz/QJtkfv7JtRliXiP2RacugtvieHJ9Bn5RhutPjGWzWbfUXAYzpQTcnx4Nudn5bFTN81txhzNv7IbdojL4G+zzlVv+RPfhNmWrvVfsNY4bKNn4q7I9ngmaPkU4d+xEw== steve_strutt@uk.ibm.com"
                        },
                        "meta": {},
                        "tainted": false
                    },
                    "deposed": [],
                    "provider": "provider.ibm"
                },
                "ibm_resource_instance.internet_srv_instance": {
                    "type": "ibm_resource_instance",
                    "depends_on": [],
                    "primary": {
                        "id": "crn:v1:bluemix:public:internet-svcs:global:a/4ea1882a2d3401ed1e459979941966ea:dc366327-fd44-4473-b61b-4ff47acf90c3::",
                        "attributes": {
                            "id": "crn:v1:bluemix:public:internet-svcs:global:a/4ea1882a2d3401ed1e459979941966ea:dc366327-fd44-4473-b61b-4ff47acf90c3::",
                            "location": "global",
                            "name": "Testing",
                            "parameters.%": "0",
                            "plan": "standard",
                            "resource_group_id": "3b11b8b4f89f42a5b6455eb539939e2d",
                            "service": "internet-svcs",
                            "status": "active",
                            "tags.#": "0"
                        },
                        "meta": {
                            "e2bfb730-ecaa-11e6-8f88-34363bc7c4c0": {
                                "create": 600000000000,
                                "delete": 600000000000,
                                "update": 600000000000
                            }
                        },
                        "tainted": false
                    },
                    "deposed": [],
                    "provider": "provider.ibm"
                },
                "ibm_compute_vm_instance.app1.0": {
                    "type": "ibm_compute_vm_instance",
                    "depends_on": [
                        "data.template_cloudinit_config.app_userdata",
                        "ibm_compute_ssh_key.ssh_key",
                        "ibm_security_group.sg_private_lamp",
                        "ibm_security_group.sg_public_lamp"
                    ],
                    "primary": {
                        "id": "62798793",
                        "attributes": {
                            "block_storage_ids.#": "0",
                            "cores": "1",
                            "datacenter": "lon02",
                            "dedicated_acct_host_only": "false",
                            "disks.#": "2",
                            "disks.0": "25",
                            "disks.1": "25",
                            "domain": "wcpclouduk.com",
                            "file_storage_ids.#": "0",
                            "hostname": "app101",
                            "hourly_billing": "true",
                            "id": "62798793",
                            "ip_address_id": "120124774",
                            "ip_address_id_private": "120124920",
                            "ipv4_address": "159.122.232.167",
                            "ipv4_address_private": "10.112.149.184",
                            "ipv6_enabled": "false",
                            "ipv6_static_enabled": "false",
                            "local_disk": "true",
                            "memory": "1024",
                            "network_speed": "100",
                            "notes": "",
                            "os_reference_code": "CENTOS_7_64",
                            "private_interface_id": "36276551",
                            "private_network_only": "false",
                            "private_security_group_ids.#": "1",
                            "private_security_group_ids.969119": "969119",
                            "private_subnet": "10.112.149.128/26",
                            "private_subnet_id": "726494",
                            "private_vlan_id": "2448042",
                            "public_bandwidth_unlimited": "false",
                            "public_interface_id": "36276553",
                            "public_security_group_ids.#": "1",
                            "public_security_group_ids.968941": "968941",
                            "public_subnet": "159.122.232.160/28",
                            "public_subnet_id": "1058743",
                            "public_vlan_id": "2448040",
                            "secondary_ip_addresses.#": "0",
                            "ssh_key_ids.#": "1",
                            "ssh_key_ids.1251853": "1251853",
                            "tags.#": "1",
                            "tags.3929779745": "group:webserver",
                            "user_metadata": "Content-Type: multipart/mixed; boundary=\"MIMEBOUNDARY\"\nMIME-Version: 1.0\r\n\r\n--MIMEBOUNDARY\r\nContent-Transfer-Encoding: 7bit\r\nContent-Type: text/plain\r\nMime-Version: 1.0\r\n\r\n#cloud-config\nmanage_etc_hosts: true\npackage_upgrade: false\npackages:\n- httpd\nruncmd:\n- 'cp /usr/share/httpd/noindex/index.html /var/www/html' \n- 'systemctl start httpd'\nfinal_message: \"The system is finally up, after $UPTIME seconds\"\n\r\n--MIMEBOUNDARY--\r\n",
                            "wait_time_minutes": "90"
                        },
                        "meta": {},
                        "tainted": false
                    },
                    "deposed": [],
                    "provider": "provider.ibm"
                },
                "ibm_compute_vm_instance.app1.1": {
                    "type": "ibm_compute_vm_instance",
                    "depends_on": [
                        "data.template_cloudinit_config.app_userdata",
                        "ibm_compute_ssh_key.ssh_key",
                        "ibm_security_group.sg_private_lamp",
                        "ibm_security_group.sg_public_lamp"
                    ],
                    "primary": {
                        "id": "62798789",
                        "attributes": {
                            "block_storage_ids.#": "0",
                            "cores": "1",
                            "datacenter": "lon02",
                            "dedicated_acct_host_only": "false",
                            "disks.#": "2",
                            "disks.0": "25",
                            "disks.1": "25",
                            "domain": "wcpclouduk.com",
                            "file_storage_ids.#": "0",
                            "hostname": "app102",
                            "hourly_billing": "true",
                            "id": "62798789",
                            "ip_address_id": "120124764",
                            "ip_address_id_private": "120124852",
                            "ipv4_address": "159.122.232.162",
                            "ipv4_address_private": "10.112.149.150",
                            "ipv6_enabled": "false",
                            "ipv6_static_enabled": "false",
                            "local_disk": "true",
                            "memory": "1024",
                            "network_speed": "100",
                            "notes": "",
                            "os_reference_code": "CENTOS_7_64",
                            "private_interface_id": "36276555",
                            "private_network_only": "false",
                            "private_security_group_ids.#": "1",
                            "private_security_group_ids.969119": "969119",
                            "private_subnet": "10.112.149.128/26",
                            "private_subnet_id": "726494",
                            "private_vlan_id": "2448042",
                            "public_bandwidth_unlimited": "false",
                            "public_interface_id": "36276557",
                            "public_security_group_ids.#": "1",
                            "public_security_group_ids.968941": "968941",
                            "public_subnet": "159.122.232.160/28",
                            "public_subnet_id": "1058743",
                            "public_vlan_id": "2448040",
                            "secondary_ip_addresses.#": "0",
                            "ssh_key_ids.#": "1",
                            "ssh_key_ids.1251853": "1251853",
                            "tags.#": "1",
                            "tags.3929779745": "group:webserver",
                            "user_metadata": "Content-Type: multipart/mixed; boundary=\"MIMEBOUNDARY\"\nMIME-Version: 1.0\r\n\r\n--MIMEBOUNDARY\r\nContent-Transfer-Encoding: 7bit\r\nContent-Type: text/plain\r\nMime-Version: 1.0\r\n\r\n#cloud-config\nmanage_etc_hosts: true\npackage_upgrade: false\npackages:\n- httpd\nruncmd:\n- 'cp /usr/share/httpd/noindex/index.html /var/www/html' \n- 'systemctl start httpd'\nfinal_message: \"The system is finally up, after $UPTIME seconds\"\n\r\n--MIMEBOUNDARY--\r\n",
                            "wait_time_minutes": "90"
                        },
                        "meta": {},
                        "tainted": false
                    },
                    "deposed": [],
                    "provider": "provider.ibm"
                },
                "ibm_compute_vm_instance.db1": {
                    "type": "ibm_compute_vm_instance",
                    "depends_on": [
                        "data.template_cloudinit_config.db_userdata",
                        "ibm_compute_ssh_key.ssh_key",
                        "ibm_security_group.sg_private_lamp",
                        "ibm_security_group.sg_public_lamp"
                    ],
                    "primary": {
                        "id": "62798791",
                        "attributes": {
                            "block_storage_ids.#": "0",
                            "cores": "1",
                            "datacenter": "lon02",
                            "dedicated_acct_host_only": "false",
                            "disks.#": "2",
                            "disks.0": "25",
                            "disks.1": "25",
                            "domain": "wcpclouduk.com",
                            "file_storage_ids.#": "0",
                            "hostname": "db101",
                            "hourly_billing": "true",
                            "id": "62798791",
                            "ip_address_id": "120124772",
                            "ip_address_id_private": "120124896",
                            "ipv4_address": "159.122.232.166",
                            "ipv4_address_private": "10.112.149.172",
                            "ipv6_enabled": "false",
                            "ipv6_static_enabled": "false",
                            "local_disk": "true",
                            "memory": "1024",
                            "network_speed": "100",
                            "notes": "",
                            "os_reference_code": "CENTOS_7_64",
                            "private_interface_id": "36276547",
                            "private_network_only": "false",
                            "private_security_group_ids.#": "1",
                            "private_security_group_ids.969119": "969119",
                            "private_subnet": "10.112.149.128/26",
                            "private_subnet_id": "726494",
                            "private_vlan_id": "2448042",
                            "public_bandwidth_unlimited": "false",
                            "public_interface_id": "36276549",
                            "public_security_group_ids.#": "1",
                            "public_security_group_ids.968941": "968941",
                            "public_subnet": "159.122.232.160/28",
                            "public_subnet_id": "1058743",
                            "public_vlan_id": "2448040",
                            "secondary_ip_addresses.#": "0",
                            "ssh_key_ids.#": "1",
                            "ssh_key_ids.1251853": "1251853",
                            "tags.#": "1",
                            "tags.3600256698": "group:database",
                            "user_metadata": "Content-Type: multipart/mixed; boundary=\"MIMEBOUNDARY\"\nMIME-Version: 1.0\r\n\r\n--MIMEBOUNDARY\r\nContent-Transfer-Encoding: 7bit\r\nContent-Type: text/plain\r\nMime-Version: 1.0\r\n\r\n#cloud-config\nmanage_etc_hosts: true\npackage_upgrade: false\nfinal_message: \"The system is finally up, after $UPTIME seconds\"\n\r\n--MIMEBOUNDARY--\r\n",
                            "wait_time_minutes": "90"
                        },
                        "meta": {},
                        "tainted": false
                    },
                    "deposed": [],
                    "provider": "provider.ibm"
                },
                "ibm_lbaas.lbaas1": {
                    "type": "ibm_lbaas",
                    "depends_on": [
                        "ibm_compute_vm_instance.app1.*"
                    ],
                    "primary": {
                        "id": "8b31b739-7751-497b-a18d-79f0699b9052",
                        "attributes": {
                            "datacenter": "lon02",
                            "description": "lbaas example",
                            "health_monitors.#": "1",
                            "health_monitors.0.interval": "5",
                            "health_monitors.0.max_retries": "2",
                            "health_monitors.0.monitor_id": "c1f336dc-b681-4b1a-85f4-3afa20c678c1",
                            "health_monitors.0.port": "80",
                            "health_monitors.0.protocol": "HTTP",
                            "health_monitors.0.timeout": "2",
                            "health_monitors.0.url_path": "/",
                            "id": "8b31b739-7751-497b-a18d-79f0699b9052",
                            "name": "web-lb1",
                            "protocols.#": "1",
                            "protocols.3979575134.backend_port": "80",
                            "protocols.3979575134.backend_protocol": "HTTP",
                            "protocols.3979575134.frontend_port": "80",
                            "protocols.3979575134.frontend_protocol": "HTTP",
                            "protocols.3979575134.load_balancing_method": "round_robin",
                            "protocols.3979575134.max_conn": "0",
                            "protocols.3979575134.protocol_id": "fe16c8fa-6349-4cf3-9142-0fdf97a7b065",
                            "protocols.3979575134.session_stickiness": "",
                            "protocols.3979575134.tls_certificate_id": "0",
                            "status": "ONLINE",
                            "subnets.#": "1",
                            "subnets.0": "726494",
                            "type": "PUBLIC",
                            "vip": "web-lb1-1530547-lon02.lb.bluemix.net",
                            "wait_time_minutes": "90"
                        },
                        "meta": {},
                        "tainted": false
                    },
                    "deposed": [],
                    "provider": "provider.ibm"
                },
                "ibm_lbaas_health_monitor.lbaas_hm": {
                    "type": "ibm_lbaas_health_monitor",
                    "depends_on": [
                        "ibm_lbaas.lbaas1",
                        "ibm_lbaas_server_instance_attachment.lbaas_member"
                    ],
                    "primary": {
                        "id": "8b31b739-7751-497b-a18d-79f0699b9052/c1f336dc-b681-4b1a-85f4-3afa20c678c1",
                        "attributes": {
                            "id": "8b31b739-7751-497b-a18d-79f0699b9052/c1f336dc-b681-4b1a-85f4-3afa20c678c1",
                            "interval": "5",
                            "lbaas_id": "8b31b739-7751-497b-a18d-79f0699b9052",
                            "max_retries": "2",
                            "monitor_id": "c1f336dc-b681-4b1a-85f4-3afa20c678c1",
                            "port": "80",
                            "protocol": "HTTP",
                            "timeout": "3",
                            "url_path": "/"
                        },
                        "meta": {},
                        "tainted": false
                    },
                    "deposed": [],
                    "provider": "provider.ibm"
                },
                "ibm_lbaas_server_instance_attachment.lbaas_member.0": {
                    "type": "ibm_lbaas_server_instance_attachment",
                    "depends_on": [
                        "ibm_compute_vm_instance.app1.*",
                        "ibm_lbaas.lbaas1"
                    ],
                    "primary": {
                        "id": "654417",
                        "attributes": {
                            "id": "654417",
                            "lbaas_id": "8b31b739-7751-497b-a18d-79f0699b9052",
                            "private_ip_address": "10.112.149.184",
                            "uuid": "4ba5afda-3890-465e-b413-f0a5285f4a45",
                            "weight": "40"
                        },
                        "meta": {},
                        "tainted": false
                    },
                    "deposed": [],
                    "provider": "provider.ibm"
                },
                "ibm_lbaas_server_instance_attachment.lbaas_member.1": {
                    "type": "ibm_lbaas_server_instance_attachment",
                    "depends_on": [
                        "ibm_compute_vm_instance.app1.*",
                        "ibm_lbaas.lbaas1"
                    ],
                    "primary": {
                        "id": "654515",
                        "attributes": {
                            "id": "654515",
                            "lbaas_id": "8b31b739-7751-497b-a18d-79f0699b9052",
                            "private_ip_address": "10.112.149.150",
                            "uuid": "db2e35de-83a0-4d7a-83d0-998c80c70fa3",
                            "weight": "40"
                        },
                        "meta": {},
                        "tainted": false
                    },
                    "deposed": [],
                    "provider": "provider.ibm"
                },
                "ibm_security_group.sg_private_lamp": {
                    "type": "ibm_security_group",
                    "depends_on": [],
                    "primary": {
                        "id": "969119",
                        "attributes": {
                            "description": "Private access for LAMP stack",
                            "id": "969119",
                            "name": "sg_private_lamp"
                        },
                        "meta": {},
                        "tainted": false
                    },
                    "deposed": [],
                    "provider": "provider.ibm"
                },
                "ibm_security_group.sg_public_lamp": {
                    "type": "ibm_security_group",
                    "depends_on": [],
                    "primary": {
                        "id": "968941",
                        "attributes": {
                            "description": "Public access for LAMP stack to repos",
                            "id": "968941",
                            "name": "sg_public_lamp"
                        },
                        "meta": {},
                        "tainted": false
                    },
                    "deposed": [],
                    "provider": "provider.ibm"
                },
                "ibm_security_group_rule.dns": {
                    "type": "ibm_security_group_rule",
                    "depends_on": [
                        "ibm_security_group.sg_private_lamp"
                    ],
                    "primary": {
                        "id": "1975371",
                        "attributes": {
                            "direction": "egress",
                            "ether_type": "IPv4",
                            "id": "1975371",
                            "port_range_max": "53",
                            "port_range_min": "53",
                            "protocol": "udp",
                            "remote_ip": "10.0.0.0/8",
                            "security_group_id": "969119"
                        },
                        "meta": {},
                        "tainted": false
                    },
                    "deposed": [],
                    "provider": "provider.ibm"
                },
                "ibm_security_group_rule.http": {
                    "type": "ibm_security_group_rule",
                    "depends_on": [
                        "ibm_security_group.sg_private_lamp"
                    ],
                    "primary": {
                        "id": "1975281",
                        "attributes": {
                            "direction": "egress",
                            "ether_type": "IPv4",
                            "id": "1975281",
                            "port_range_max": "80",
                            "port_range_min": "80",
                            "protocol": "tcp",
                            "remote_ip": "10.0.0.0/8",
                            "security_group_id": "969119"
                        },
                        "meta": {},
                        "tainted": false
                    },
                    "deposed": [],
                    "provider": "provider.ibm"
                },
                "ibm_security_group_rule.http-in": {
                    "type": "ibm_security_group_rule",
                    "depends_on": [
                        "ibm_security_group.sg_private_lamp"
                    ],
                    "primary": {
                        "id": "1975451",
                        "attributes": {
                            "direction": "ingress",
                            "ether_type": "IPv4",
                            "id": "1975451",
                            "port_range_max": "80",
                            "port_range_min": "80",
                            "protocol": "tcp",
                            "remote_ip": "10.0.0.0/8",
                            "security_group_id": "969119"
                        },
                        "meta": {},
                        "tainted": false
                    },
                    "deposed": [],
                    "provider": "provider.ibm"
                },
                "ibm_security_group_rule.http-pub": {
                    "type": "ibm_security_group_rule",
                    "depends_on": [
                        "ibm_security_group.sg_public_lamp"
                    ],
                    "primary": {
                        "id": "1975367",
                        "attributes": {
                            "direction": "egress",
                            "ether_type": "IPv4",
                            "id": "1975367",
                            "port_range_max": "80",
                            "port_range_min": "80",
                            "protocol": "tcp",
                            "security_group_id": "968941"
                        },
                        "meta": {},
                        "tainted": false
                    },
                    "deposed": [],
                    "provider": "provider.ibm"
                },
                "ibm_security_group_rule.https": {
                    "type": "ibm_security_group_rule",
                    "depends_on": [
                        "ibm_security_group.sg_private_lamp"
                    ],
                    "primary": {
                        "id": "1975373",
                        "attributes": {
                            "direction": "egress",
                            "ether_type": "IPv4",
                            "id": "1975373",
                            "port_range_max": "443",
                            "port_range_min": "443",
                            "protocol": "tcp",
                            "remote_ip": "10.0.0.0/8",
                            "security_group_id": "969119"
                        },
                        "meta": {},
                        "tainted": false
                    },
                    "deposed": [],
                    "provider": "provider.ibm"
                },
                "ibm_security_group_rule.https-pub": {
                    "type": "ibm_security_group_rule",
                    "depends_on": [
                        "ibm_security_group.sg_public_lamp"
                    ],
                    "primary": {
                        "id": "1975365",
                        "attributes": {
                            "direction": "egress",
                            "ether_type": "IPv4",
                            "id": "1975365",
                            "port_range_max": "443",
                            "port_range_min": "443",
                            "protocol": "tcp",
                            "security_group_id": "968941"
                        },
                        "meta": {},
                        "tainted": false
                    },
                    "deposed": [],
                    "provider": "provider.ibm"
                },
                "ibm_security_group_rule.icmp": {
                    "type": "ibm_security_group_rule",
                    "depends_on": [
                        "ibm_security_group.sg_private_lamp"
                    ],
                    "primary": {
                        "id": "1975275",
                        "attributes": {
                            "direction": "ingress",
                            "ether_type": "IPv4",
                            "id": "1975275",
                            "port_range_max": "8",
                            "port_range_min": "8",
                            "protocol": "icmp",
                            "remote_ip": "10.0.0.0/8",
                            "security_group_id": "969119"
                        },
                        "meta": {},
                        "tainted": false
                    },
                    "deposed": [],
                    "provider": "provider.ibm"
                },
                "ibm_security_group_rule.mysql-in": {
                    "type": "ibm_security_group_rule",
                    "depends_on": [
                        "ibm_security_group.sg_private_lamp"
                    ],
                    "primary": {
                        "id": "1975277",
                        "attributes": {
                            "direction": "ingress",
                            "ether_type": "IPv4",
                            "id": "1975277",
                            "port_range_max": "3306",
                            "port_range_min": "3306",
                            "protocol": "tcp",
                            "remote_ip": "10.0.0.0/8",
                            "security_group_id": "969119"
                        },
                        "meta": {},
                        "tainted": false
                    },
                    "deposed": [],
                    "provider": "provider.ibm"
                },
                "ibm_security_group_rule.mysql-out": {
                    "type": "ibm_security_group_rule",
                    "depends_on": [
                        "ibm_security_group.sg_private_lamp"
                    ],
                    "primary": {
                        "id": "1975279",
                        "attributes": {
                            "direction": "egress",
                            "ether_type": "IPv4",
                            "id": "1975279",
                            "port_range_max": "3306",
                            "port_range_min": "3306",
                            "protocol": "tcp",
                            "remote_ip": "10.0.0.0/8",
                            "security_group_id": "969119"
                        },
                        "meta": {},
                        "tainted": false
                    },
                    "deposed": [],
                    "provider": "provider.ibm"
                },
                "ibm_security_group_rule.ssh": {
                    "type": "ibm_security_group_rule",
                    "depends_on": [
                        "ibm_security_group.sg_private_lamp"
                    ],
                    "primary": {
                        "id": "1975369",
                        "attributes": {
                            "direction": "ingress",
                            "ether_type": "IPv4",
                            "id": "1975369",
                            "port_range_max": "22",
                            "port_range_min": "22",
                            "protocol": "tcp",
                            "remote_ip": "10.0.0.0/8",
                            "security_group_id": "969119"
                        },
                        "meta": {},
                        "tainted": false
                    },
                    "deposed": [],
                    "provider": "provider.ibm"
                }
            },
            "depends_on": []
        }
    ]
}
